{
  "name": "react-tests",
  "version": "1.0.0",
  "lockfileVersion": 1,
  "requires": true,
  "dependencies": {
    "@react-spring/animated": {
      "version": "9.3.0",
      "resolved": "https://registry.npmjs.org/@react-spring/animated/-/animated-9.3.0.tgz",
      "integrity": "sha512-QvuyW77eDvLhdJyO6FFldlWlvnuKK2cpOx4+Zr962RyT/0IO1tbNDRO6G1vM8va6mbv6tmfYmRGKmKYePN3kVg==",
      "requires": {
        "@react-spring/shared": "~9.3.0",
        "@react-spring/types": "~9.3.0"
      }
    },
    "@react-spring/core": {
      "version": "9.3.0",
      "resolved": "https://registry.npmjs.org/@react-spring/core/-/core-9.3.0.tgz",
      "integrity": "sha512-SZQOIX7wkIagmucAi7zxqGGIb9A60o9n5922UrWo8Kl3FdG7FgrNwqr0kOI43/pMFeL70/PXwFhBatB03N5ctw==",
      "requires": {
        "@react-spring/animated": "~9.3.0",
        "@react-spring/shared": "~9.3.0",
        "@react-spring/types": "~9.3.0"
      }
    },
    "@react-spring/konva": {
      "version": "9.3.0",
      "resolved": "https://registry.npmjs.org/@react-spring/konva/-/konva-9.3.0.tgz",
      "integrity": "sha512-lyUWxzEateE6Qxpc81oxJb5yiNDdj36Q9R9euJAgjl2dvUDaX85rVGqaB25+72yA1iQg5I4Kymj3UZVvPthRlA==",
      "requires": {
        "@react-spring/animated": "~9.3.0",
        "@react-spring/core": "~9.3.0",
        "@react-spring/shared": "~9.3.0",
        "@react-spring/types": "~9.3.0"
      }
    },
    "@react-spring/native": {
      "version": "9.3.0",
      "resolved": "https://registry.npmjs.org/@react-spring/native/-/native-9.3.0.tgz",
      "integrity": "sha512-lvKV5qxqnE5AMtTHv8xwAocGED4+VRxpljwBl1lbtileq3WnvOn7CpMLZNGc5TXjLWAE3zfoNJui69/jE/3uSw==",
      "requires": {
        "@react-spring/animated": "~9.3.0",
        "@react-spring/core": "~9.3.0",
        "@react-spring/shared": "~9.3.0",
        "@react-spring/types": "~9.3.0"
      }
    },
    "@react-spring/rafz": {
      "version": "9.3.0",
      "resolved": "https://registry.npmjs.org/@react-spring/rafz/-/rafz-9.3.0.tgz",
      "integrity": "sha512-FD04d2TNb3xOZ6+04qwDmC3d0H4X6gvhsxU71/nSm4PPYRqFzZEolcVPmrHlbGzco3bvXKI+Kp2pIrpXLPUJFA=="
    },
    "@react-spring/shared": {
      "version": "9.3.0",
      "resolved": "https://registry.npmjs.org/@react-spring/shared/-/shared-9.3.0.tgz",
      "integrity": "sha512-7ZFY2Blu/wxbLGcYvQavyLUVi9bK/is1bsn11qZ9AaZb4iucRyIf2jgjBfKZFCq4qgi7S/7QmDQG7sucUyLELg==",
      "requires": {
        "@react-spring/rafz": "~9.3.0",
        "@react-spring/types": "~9.3.0"
      }
    },
    "@react-spring/three": {
      "version": "9.3.0",
      "resolved": "https://registry.npmjs.org/@react-spring/three/-/three-9.3.0.tgz",
      "integrity": "sha512-RKMXXdcNK0nbwLbmle/0KT/idGGpOxvI5lT1KtN8R3cgJWQBKYWVtzg+B/RgmQVNxO/QNlsKGWTjURockTRSVQ==",
      "requires": {
        "@react-spring/animated": "~9.3.0",
        "@react-spring/core": "~9.3.0",
        "@react-spring/shared": "~9.3.0",
        "@react-spring/types": "~9.3.0"
      }
    },
    "@react-spring/types": {
      "version": "9.3.0",
      "resolved": "https://registry.npmjs.org/@react-spring/types/-/types-9.3.0.tgz",
      "integrity": "sha512-q4cDr2RSPblXMD3Rxvk6qcC7nmhhfV2izEBP06hb8ZCXznA6qJirG3RMpi29kBtEQiw1lWR59hAXKhauaPtbOA=="
    },
    "@react-spring/web": {
      "version": "9.3.0",
      "resolved": "https://registry.npmjs.org/@react-spring/web/-/web-9.3.0.tgz",
      "integrity": "sha512-OTAGKRdyz6fLRR1tABFyw9KMpytyATIndQrj0O6RG47GfjiInpf4+WZKxo763vpS7z1OlnkI81WLUm/sqOqAnA==",
      "requires": {
        "@react-spring/animated": "~9.3.0",
        "@react-spring/core": "~9.3.0",
        "@react-spring/shared": "~9.3.0",
        "@react-spring/types": "~9.3.0"
      }
    },
    "@react-spring/zdog": {
      "version": "9.3.0",
      "resolved": "https://registry.npmjs.org/@react-spring/zdog/-/zdog-9.3.0.tgz",
      "integrity": "sha512-JOQwtg/MQ6sWwmKNY4w/R1TVXohIUkrbSgDfgUEK45ERTDwZGZzIo9QbqHv4dwEBK4Wa2Hfrcdf8cnEaNNzdAQ==",
      "requires": {
        "@react-spring/animated": "~9.3.0",
        "@react-spring/core": "~9.3.0",
        "@react-spring/shared": "~9.3.0",
        "@react-spring/types": "~9.3.0"
      }
    },
    "@types/node": {
      "version": "16.11.1",
      "resolved": "https://registry.npmjs.org/@types/node/-/node-16.11.1.tgz",
      "integrity": "sha512-PYGcJHL9mwl1Ek3PLiYgyEKtwTMmkMw4vbiyz/ps3pfdRYLVv+SN7qHVAImrjdAXxgluDEw6Ph4lyv+m9UpRmA==",
      "dev": true
    },
    "@types/prop-types": {
      "version": "15.7.4",
      "resolved": "https://registry.npmjs.org/@types/prop-types/-/prop-types-15.7.4.tgz",
      "integrity": "sha512-rZ5drC/jWjrArrS8BR6SIr4cWpW09RNTYt9AMZo3Jwwif+iacXAqgVjm0B0Bv/S1jhDXKHqRVNCbACkJ89RAnQ==",
      "dev": true
    },
    "@types/react": {
      "version": "17.0.27",
      "resolved": "https://registry.npmjs.org/@types/react/-/react-17.0.27.tgz",
      "integrity": "sha512-zgiJwtsggVGtr53MndV7jfiUESTqrbxOcBvwfe6KS/9bzaVPCTDieTWnFNecVNx6EAaapg5xsLLWFfHHR437AA==",
      "dev": true,
      "requires": {
        "@types/prop-types": "*",
        "@types/scheduler": "*",
        "csstype": "^3.0.2"
      }
    },
    "@types/react-dom": {
      "version": "17.0.9",
      "resolved": "https://registry.npmjs.org/@types/react-dom/-/react-dom-17.0.9.tgz",
      "integrity": "sha512-wIvGxLfgpVDSAMH5utdL9Ngm5Owu0VsGmldro3ORLXV8CShrL8awVj06NuEXFQ5xyaYfdca7Sgbk/50Ri1GdPg==",
      "dev": true,
      "requires": {
        "@types/react": "*"
      }
    },
    "@types/scheduler": {
      "version": "0.16.2",
      "resolved": "https://registry.npmjs.org/@types/scheduler/-/scheduler-0.16.2.tgz",
      "integrity": "sha512-hppQEBDmlwhFAXKJX2KnWLYu5yMfi91yazPb2l+lbJiwW+wdo1gNeRA+3RgNSO39WYX2euey41KEwnqesU2Jew==",
      "dev": true
    },
    "balanced-match": {
      "version": "1.0.2",
      "resolved": "https://registry.npmjs.org/balanced-match/-/balanced-match-1.0.2.tgz",
      "integrity": "sha512-3oSeUO0TMV67hN1AmbXsK4yaqU7tjiHlbxRDZOpH0KW9+CeX4bRAaX0Anxt0tx2MrpRpWwQaPwIlISEJhYU5Pw=="
    },
    "boolbase": {
      "version": "1.0.0",
      "resolved": "https://registry.npmjs.org/boolbase/-/boolbase-1.0.0.tgz",
      "integrity": "sha1-aN/1++YMUes3cl6p4+0xDcwed24="
    },
    "brace-expansion": {
      "version": "1.1.11",
      "resolved": "https://registry.npmjs.org/brace-expansion/-/brace-expansion-1.1.11.tgz",
      "integrity": "sha512-iCuPHDFgrHX7H2vEI/5xpz07zSHB00TpugqhmYtVmMO6518mCuRMoOYFldEBl0g187ufozdaHgWKcYFb61qGiA==",
      "requires": {
        "balanced-match": "^1.0.0",
        "concat-map": "0.0.1"
      }
    },
    "concat-map": {
      "version": "0.0.1",
      "resolved": "https://registry.npmjs.org/concat-map/-/concat-map-0.0.1.tgz",
      "integrity": "sha1-2Klr13/Wjfd5OnMDajug1UBdR3s="
    },
    "css-select": {
      "version": "4.1.3",
      "resolved": "https://registry.npmjs.org/css-select/-/css-select-4.1.3.tgz",
      "integrity": "sha512-gT3wBNd9Nj49rAbmtFHj1cljIAOLYSX1nZ8CB7TBO3INYckygm5B7LISU/szY//YmdiSLbJvDLOx9VnMVpMBxA==",
      "requires": {
        "boolbase": "^1.0.0",
        "css-what": "^5.0.0",
        "domhandler": "^4.2.0",
        "domutils": "^2.6.0",
        "nth-check": "^2.0.0"
      }
    },
    "css-what": {
      "version": "5.1.0",
      "resolved": "https://registry.npmjs.org/css-what/-/css-what-5.1.0.tgz",
      "integrity": "sha512-arSMRWIIFY0hV8pIxZMEfmMI47Wj3R/aWpZDDxWYCPEiOMv6tfOrnpDtgxBYPEQD4V0Y/958+1TdC3iWTFcUPw=="
    },
    "csstype": {
      "version": "3.0.9",
      "resolved": "https://registry.npmjs.org/csstype/-/csstype-3.0.9.tgz",
      "integrity": "sha512-rpw6JPxK6Rfg1zLOYCSwle2GFOOsnjmDYDaBwEcwoOg4qlsIVCN789VkBZDJAGi4T07gI4YSutR43t9Zz4Lzuw==",
      "dev": true
    },
    "dom-serializer": {
      "version": "1.3.2",
      "resolved": "https://registry.npmjs.org/dom-serializer/-/dom-serializer-1.3.2.tgz",
      "integrity": "sha512-5c54Bk5Dw4qAxNOI1pFEizPSjVsx5+bpJKmL2kPn8JhBUq2q09tTCa3mjijun2NfK78NMouDYNMBkOrPZiS+ig==",
      "requires": {
        "domelementtype": "^2.0.1",
        "domhandler": "^4.2.0",
        "entities": "^2.0.0"
      }
    },
    "domelementtype": {
      "version": "2.2.0",
      "resolved": "https://registry.npmjs.org/domelementtype/-/domelementtype-2.2.0.tgz",
      "integrity": "sha512-DtBMo82pv1dFtUmHyr48beiuq792Sxohr+8Hm9zoxklYPfa6n0Z3Byjj2IV7bmr2IyqClnqEQhfgHJJ5QF0R5A=="
    },
    "domhandler": {
      "version": "4.2.2",
      "resolved": "https://registry.npmjs.org/domhandler/-/domhandler-4.2.2.tgz",
      "integrity": "sha512-PzE9aBMsdZO8TK4BnuJwH0QT41wgMbRzuZrHUcpYncEjmQazq8QEaBWgLG7ZyC/DAZKEgglpIA6j4Qn/HmxS3w==",
      "requires": {
        "domelementtype": "^2.2.0"
      }
    },
    "domutils": {
      "version": "2.8.0",
      "resolved": "https://registry.npmjs.org/domutils/-/domutils-2.8.0.tgz",
      "integrity": "sha512-w96Cjofp72M5IIhpjgobBimYEfoPjx1Vx0BSX9P30WBdZW2WIKU0T1Bd0kz2eNZ9ikjKgHbEyKx8BB6H1L3h3A==",
      "requires": {
        "dom-serializer": "^1.0.1",
        "domelementtype": "^2.2.0",
        "domhandler": "^4.2.0"
      }
    },
    "entities": {
      "version": "2.2.0",
      "resolved": "https://registry.npmjs.org/entities/-/entities-2.2.0.tgz",
      "integrity": "sha512-p92if5Nz619I0w+akJrLZH0MX0Pb5DX39XOwQTtXSdQQOaYH03S1uIQp4mhOZtAXrxq4ViO67YTiLBo2638o9A=="
    },
    "gsap": {
      "version": "3.8.0",
      "resolved": "https://registry.npmjs.org/gsap/-/gsap-3.8.0.tgz",
      "integrity": "sha512-cvpzKkWFePDZCycwXwJnDSpTR3j+a4QLQF/t0c+pXqzRESgAYx5hieaoshzZFjbwsARqr0+5c3GKE7wI273w/g=="
    },
    "he": {
      "version": "1.2.0",
      "resolved": "https://registry.npmjs.org/he/-/he-1.2.0.tgz",
      "integrity": "sha512-F/1DnUGPopORZi0ni+CvrCgHQ5FyEAHRLSApuYWMmrbSwoN2Mn/7k+Gl38gJnR7yyDZk6WLXwiGod1JOWNDKGw=="
    },
    "inherits": {
      "version": "2.0.3",
      "resolved": "https://registry.npmjs.org/inherits/-/inherits-2.0.3.tgz",
      "integrity": "sha1-Yzwsg+PaQqUC9SRmAiSA9CCCYd4="
    },
    "js-tokens": {
      "version": "4.0.0",
      "resolved": "https://registry.npmjs.org/js-tokens/-/js-tokens-4.0.0.tgz",
      "integrity": "sha512-RdJUflcE3cUzKiMqQgsCu06FPu9UdIJO0beYbPhHN4k6apgJtifcoCtT9bcxOpYBtpD2kCM6Sbzg4CausW/PKQ=="
    },
    "loose-envify": {
      "version": "1.4.0",
      "resolved": "https://registry.npmjs.org/loose-envify/-/loose-envify-1.4.0.tgz",
      "integrity": "sha512-lyuxPGr/Wfhrlem2CL/UcnUc1zcqKAImBDzukY7Y5F/yQiNdko6+fRLevlw1HgMySw7f611UIY408EtxRSoK3Q==",
      "requires": {
        "js-tokens": "^3.0.0 || ^4.0.0"
      }
    },
    "minimatch": {
      "version": "3.0.4",
      "resolved": "https://registry.npmjs.org/minimatch/-/minimatch-3.0.4.tgz",
      "integrity": "sha512-yJHVQEhyqPLUTgt9B83PXu6W3rx4MvvHvSUvToogpwoGDOUQ+yDrR0HRot+yOCdCO7u4hX3pWft6kWBBcqh0UA==",
      "requires": {
        "brace-expansion": "^1.1.7"
      }
    },
    "node-html-parser": {
      "version": "5.0.0",
      "resolved": "https://registry.npmjs.org/node-html-parser/-/node-html-parser-5.0.0.tgz",
      "integrity": "sha512-TTcYevvxqIyRfc1Y/3O6EwzmPFmN9fykfdP3DewtDaVMzft4HFfs21ogw5LGDYhieIq8QBFG+PSBNd5x3n0WZQ==",
      "requires": {
        "css-select": "^4.1.3",
        "he": "1.2.0"
      }
    },
    "nth-check": {
      "version": "2.0.1",
      "resolved": "https://registry.npmjs.org/nth-check/-/nth-check-2.0.1.tgz",
      "integrity": "sha512-it1vE95zF6dTT9lBsYbxvqh0Soy4SPowchj0UBGj/V6cTPnXXtQOPUbhZ6CmGzAD/rW22LQK6E96pcdJXk4A4w==",
      "requires": {
        "boolbase": "^1.0.0"
      }
    },
    "object-assign": {
      "version": "4.1.1",
      "resolved": "https://registry.npmjs.org/object-assign/-/object-assign-4.1.1.tgz",
      "integrity": "sha1-IQmtx5ZYh8/AXLvUQsrIv7s2CGM="
    },
    "parcel-plugin-static-files-copy": {
      "version": "2.6.0",
      "resolved": "https://registry.npmjs.org/parcel-plugin-static-files-copy/-/parcel-plugin-static-files-copy-2.6.0.tgz",
      "integrity": "sha512-k3YxdnEQWo1aMfCeBfxgUNJWuUE0O730EGiGBcmWEUOto7f1jM/8oxBKXkVZsXDCO1o00dw5X7CsT+yF0JY4qA==",
      "requires": {
        "minimatch": "3.0.4",
        "path": "0.12.7"
      }
    },
    "path": {
      "version": "0.12.7",
      "resolved": "https://registry.npmjs.org/path/-/path-0.12.7.tgz",
      "integrity": "sha1-1NwqUGxM4hl+tIHr/NWzbAFAsQ8=",
      "requires": {
        "process": "^0.11.1",
        "util": "^0.10.3"
      }
    },
    "process": {
      "version": "0.11.10",
      "resolved": "https://registry.npmjs.org/process/-/process-0.11.10.tgz",
      "integrity": "sha1-czIwDoQBYb2j5podHZGn1LwW8YI="
    },
    "react": {
      "version": "17.0.2",
      "resolved": "https://registry.npmjs.org/react/-/react-17.0.2.tgz",
      "integrity": "sha512-gnhPt75i/dq/z3/6q/0asP78D0u592D5L1pd7M8P+dck6Fu/jJeL6iVVK23fptSUZj8Vjf++7wXA8UNclGQcbA==",
      "requires": {
        "loose-envify": "^1.1.0",
        "object-assign": "^4.1.1"
      }
    },
    "react-dom": {
      "version": "17.0.2",
      "resolved": "https://registry.npmjs.org/react-dom/-/react-dom-17.0.2.tgz",
      "integrity": "sha512-s4h96KtLDUQlsENhMn1ar8t2bEa+q/YAtj8pPPdIjPDGBDIVNsrD9aXNWqspUe6AzKCIG0C1HZZLqLV7qpOBGA==",
      "requires": {
        "loose-envify": "^1.1.0",
        "object-assign": "^4.1.1",
        "scheduler": "^0.20.2"
      }
    },
    "react-spring": {
      "version": "9.3.0",
      "resolved": "https://registry.npmjs.org/react-spring/-/react-spring-9.3.0.tgz",
      "integrity": "sha512-zxhMUCM4ha22724q1CshmbzKUfqdUp2HyA4P72+A0xVF/9bgaFuMukI8C8/Rjfdqw6sGg3hZNvmY9Z8n4cqWmg==",
      "requires": {
        "@react-spring/core": "~9.3.0",
        "@react-spring/konva": "~9.3.0",
        "@react-spring/native": "~9.3.0",
        "@react-spring/three": "~9.3.0",
        "@react-spring/web": "~9.3.0",
        "@react-spring/zdog": "~9.3.0"
      }
    },
    "scheduler": {
      "version": "0.20.2",
      "resolved": "https://registry.npmjs.org/scheduler/-/scheduler-0.20.2.tgz",
      "integrity": "sha512-2eWfGgAqqWFGqtdMmcL5zCMK1U8KlXv8SQFGglL3CEtd0aDVDWgeF/YoCmvln55m5zSk3J/20hTaSBeSObsQDQ==",
      "requires": {
        "loose-envify": "^1.1.0",
        "object-assign": "^4.1.1"
      }
    },
    "util": {
      "version": "0.10.4",
      "resolved": "https://registry.npmjs.org/util/-/util-0.10.4.tgz",
      "integrity": "sha512-0Pm9hTQ3se5ll1XihRic3FDIku70C+iHUdT/W926rSgHV5QgXsYbKZN8MSC3tJtSkhuROzvsQjAaFENRXr+19A==",
      "requires": {
        "inherits": "2.0.3"
      }
    }
  }
}
